
Microsoft Visual Studio Solution File, Format Version 12.00
# Visual Studio Version 17
VisualStudioVersion = 17.14.36414.22 d17.14
MinimumVisualStudioVersion = 10.0.40219.1
Project("{FAE04EC0-301F-11D3-BF4B-00C04F79EFBC}") = "CleanArchitectureTemplete", "CleanArchitectureTemplete\CleanArchitectureTemplete.csproj", "{E6358C8B-8BAD-44C9-AB8E-44BBEFB3331B}"
EndProject
Global
	GlobalSection(SolutionConfigurationPlatforms) = preSolution
		Debug|Any CPU = Debug|Any CPU
		Release|Any CPU = Release|Any CPU
	EndGlobalSection
	GlobalSection(ProjectConfigurationPlatforms) = postSolution
		{E6358C8B-8BAD-44C9-AB8E-44BBEFB3331B}.Debug|Any CPU.ActiveCfg = Debug|Any CPU
		{E6358C8B-8BAD-44C9-AB8E-44BBEFB3331B}.Debug|Any CPU.Build.0 = Debug|Any CPU
		{E6358C8B-8BAD-44C9-AB8E-44BBEFB3331B}.Release|Any CPU.ActiveCfg = Release|Any CPU
		{E6358C8B-8BAD-44C9-AB8E-44BBEFB3331B}.Release|Any CPU.Build.0 = Release|Any CPU
	EndGlobalSection
	GlobalSection(SolutionProperties) = preSolution
		HideSolutionNode = FALSE
	EndGlobalSection
	GlobalSection(ExtensibilityGlobals) = postSolution
		SolutionGuid = {2C6DC055-7052-42B4-A2A8-E3F1AB950872}
	EndGlobalSection
EndGlobal
